
Microsoft Visual Studio Solution File, Format Version 12.00
# Visual Studio 15
VisualStudioVersion = 15.0.28307.271
MinimumVisualStudioVersion = 10.0.40219.1
Project("{8BC9CEB8-8B4A-11D0-8D11-00A0C91BC942}") = "XO", "XO.vcxproj", "{421B4BB6-B105-4D5E-91C3-E2F4737F9D14}"
EndProject
Global
	GlobalSection(SolutionConfigurationPlatforms) = preSolution
		Debug|x64 = Debug|x64
		Debug|x86 = Debug|x86
		Release|x64 = Release|x64
		Release|x86 = Release|x86
	EndGlobalSection
	GlobalSection(ProjectConfigurationPlatforms) = postSolution
		{421B4BB6-B105-4D5E-91C3-E2F4737F9D14}.Debug|x64.ActiveCfg = Debug|x64
		{421B4BB6-B105-4D5E-91C3-E2F4737F9D14}.Debug|x64.Build.0 = Debug|x64
		{421B4BB6-B105-4D5E-91C3-E2F4737F9D14}.Debug|x86.ActiveCfg = Debug|Win32
		{421B4BB6-B105-4D5E-91C3-E2F4737F9D14}.Debug|x86.Build.0 = Debug|Win32
		{421B4BB6-B105-4D5E-91C3-E2F4737F9D14}.Release|x64.ActiveCfg = Release|x64
		{421B4BB6-B105-4D5E-91C3-E2F4737F9D14}.Release|x64.Build.0 = Release|x64
		{421B4BB6-B105-4D5E-91C3-E2F4737F9D14}.Release|x86.ActiveCfg = Release|Win32
		{421B4BB6-B105-4D5E-91C3-E2F4737F9D14}.Release|x86.Build.0 = Release|Win32
	EndGlobalSection
	GlobalSection(SolutionProperties) = preSolution
		HideSolutionNode = FALSE
	EndGlobalSection
	GlobalSection(ExtensibilityGlobals) = postSolution
		SolutionGuid = {7B0380A1-C5F6-4381-9F17-38A53D85C185}
	EndGlobalSection
EndGlobal
